
Microsoft Visual Studio Solution File, Format Version 12.00
# Visual Studio Version 16
VisualStudioVersion = 16.0.29709.97
MinimumVisualStudioVersion = 10.0.40219.1
Project("{FAE04EC0-301F-11D3-BF4B-00C04F79EFBC}") = "CSharpExam1", "CSharpExam1.csproj", "{961CA59A-A231-40C0-954E-74B2D3142D95}"
EndProject
Global
	GlobalSection(SolutionConfigurationPlatforms) = preSolution
		Debug|Any CPU = Debug|Any CPU
		Release|Any CPU = Release|Any CPU
	EndGlobalSection
	GlobalSection(ProjectConfigurationPlatforms) = postSolution
		{961CA59A-A231-40C0-954E-74B2D3142D95}.Debug|Any CPU.ActiveCfg = Debug|Any CPU
		{961CA59A-A231-40C0-954E-74B2D3142D95}.Debug|Any CPU.Build.0 = Debug|Any CPU
		{961CA59A-A231-40C0-954E-74B2D3142D95}.Release|Any CPU.ActiveCfg = Release|Any CPU
		{961CA59A-A231-40C0-954E-74B2D3142D95}.Release|Any CPU.Build.0 = Release|Any CPU
	EndGlobalSection
	GlobalSection(SolutionProperties) = preSolution
		HideSolutionNode = FALSE
	EndGlobalSection
	GlobalSection(ExtensibilityGlobals) = postSolution
		SolutionGuid = {0BA01BA2-742C-49B7-B668-68A7953649DD}
	EndGlobalSection
EndGlobal
